<?xml version="1.0" encoding="utf-8"?>
<Project ToolsVersion="4.0" xmlns="http://schemas.microsoft.com/developer/msbuild/2003">
  <ItemGroup>
    <ClCompile Include="dllmain.c">
      <Filter>소스 파일</Filter>
    </ClCompile>
    <ClCompile Include="stdafx.c">
      <Filter>소스 파일</Filter>
    </ClCompile>
    <ClCompile Include="VFSearchboxHook.c">
      <Filter>소스 파일</Filter>
    </ClCompile>
  </ItemGroup>
  <ItemGroup>
    <ClInclude Include="stdafx.h">
      <Filter>헤더 파일</Filter>
    </ClInclude>
    <ClInclude Include="targetver.h">
      <Filter>헤더 파일</Filter>
    </ClInclude>
    <ClInclude Include="Utils.h">
      <Filter>헤더 파일</Filter>
    </ClInclude>
    <ClInclude Include="VFSearchboxHook.h">
      <Filter>헤더 파일</Filter>
    </ClInclude>
  </ItemGroup>
  <ItemGroup>
    <Filter Include="소스 파일">
      <UniqueIdentifier>{64633d8b-a5f2-45ca-84ba-90f2fa510cd5}</UniqueIdentifier>
    </Filter>
    <Filter Include="헤더 파일">
      <UniqueIdentifier>{37ded339-5af7-494c-aa04-910122a34e2e}</UniqueIdentifier>
    </Filter>
  </ItemGroup>
</Project>